
Microsoft Visual Studio Solution File, Format Version 12.00
Project("{FAE04EC0-301F-11D3-BF4B-00C04F79EFBC}") = "Shared", "Shared\Shared.csproj", "{641CB81B-930A-46ED-A2B0-8DA358C3B635}"
EndProject
Project("{FAE04EC0-301F-11D3-BF4B-00C04F79EFBC}") = "Shared.Contracts", "Shared.Contracts\Shared.Contracts.csproj", "{5D3D27E3-E617-4EB6-ABD0-B9062CB672C0}"
EndProject
Project("{FAE04EC0-301F-11D3-BF4B-00C04F79EFBC}") = "Shared.Infrastructure", "Shared.Infrastructure\Shared.Infrastructure.csproj", "{868FB6FB-E596-401B-97D0-B15C92A7FE94}"
EndProject
Project("{FAE04EC0-301F-11D3-BF4B-00C04F79EFBC}") = "Shared.Persistence", "Shared.Persistence\Shared.Persistence.csproj", "{A4D80E67-9BD2-4AE7-90F5-8059BB7B60A6}"
EndProject
Project("{FAE04EC0-301F-11D3-BF4B-00C04F79EFBC}") = "Example.Server", "Example.Server\Example.Server.csproj", "{F22DACAA-C12F-47C4-94F9-445E0D9DCD93}"
EndProject
Project("{2150E333-8FDC-42A3-9474-1A3956D46DE8}") = "Shared", "Shared", "{41EF9627-9F42-46AC-B5F1-04E2F2F89789}"
EndProject
Project("{FAE04EC0-301F-11D3-BF4B-00C04F79EFBC}") = "Shared.Utilities", "Shared.Utilities\Shared.Utilities.csproj", "{88A9999A-19A0-4D3A-8C20-347FDEEDD7F0}"
EndProject
Global
	GlobalSection(SolutionConfigurationPlatforms) = preSolution
		Debug|Any CPU = Debug|Any CPU
		Release|Any CPU = Release|Any CPU
	EndGlobalSection
	GlobalSection(ProjectConfigurationPlatforms) = postSolution
		{641CB81B-930A-46ED-A2B0-8DA358C3B635}.Debug|Any CPU.ActiveCfg = Debug|Any CPU
		{641CB81B-930A-46ED-A2B0-8DA358C3B635}.Debug|Any CPU.Build.0 = Debug|Any CPU
		{641CB81B-930A-46ED-A2B0-8DA358C3B635}.Release|Any CPU.ActiveCfg = Release|Any CPU
		{641CB81B-930A-46ED-A2B0-8DA358C3B635}.Release|Any CPU.Build.0 = Release|Any CPU
		{5D3D27E3-E617-4EB6-ABD0-B9062CB672C0}.Debug|Any CPU.ActiveCfg = Debug|Any CPU
		{5D3D27E3-E617-4EB6-ABD0-B9062CB672C0}.Debug|Any CPU.Build.0 = Debug|Any CPU
		{5D3D27E3-E617-4EB6-ABD0-B9062CB672C0}.Release|Any CPU.ActiveCfg = Release|Any CPU
		{5D3D27E3-E617-4EB6-ABD0-B9062CB672C0}.Release|Any CPU.Build.0 = Release|Any CPU
		{868FB6FB-E596-401B-97D0-B15C92A7FE94}.Debug|Any CPU.ActiveCfg = Debug|Any CPU
		{868FB6FB-E596-401B-97D0-B15C92A7FE94}.Debug|Any CPU.Build.0 = Debug|Any CPU
		{868FB6FB-E596-401B-97D0-B15C92A7FE94}.Release|Any CPU.ActiveCfg = Release|Any CPU
		{868FB6FB-E596-401B-97D0-B15C92A7FE94}.Release|Any CPU.Build.0 = Release|Any CPU
		{A4D80E67-9BD2-4AE7-90F5-8059BB7B60A6}.Debug|Any CPU.ActiveCfg = Debug|Any CPU
		{A4D80E67-9BD2-4AE7-90F5-8059BB7B60A6}.Debug|Any CPU.Build.0 = Debug|Any CPU
		{A4D80E67-9BD2-4AE7-90F5-8059BB7B60A6}.Release|Any CPU.ActiveCfg = Release|Any CPU
		{A4D80E67-9BD2-4AE7-90F5-8059BB7B60A6}.Release|Any CPU.Build.0 = Release|Any CPU
		{F22DACAA-C12F-47C4-94F9-445E0D9DCD93}.Debug|Any CPU.ActiveCfg = Debug|Any CPU
		{F22DACAA-C12F-47C4-94F9-445E0D9DCD93}.Debug|Any CPU.Build.0 = Debug|Any CPU
		{F22DACAA-C12F-47C4-94F9-445E0D9DCD93}.Release|Any CPU.ActiveCfg = Release|Any CPU
		{F22DACAA-C12F-47C4-94F9-445E0D9DCD93}.Release|Any CPU.Build.0 = Release|Any CPU
		{88A9999A-19A0-4D3A-8C20-347FDEEDD7F0}.Debug|Any CPU.ActiveCfg = Debug|Any CPU
		{88A9999A-19A0-4D3A-8C20-347FDEEDD7F0}.Debug|Any CPU.Build.0 = Debug|Any CPU
		{88A9999A-19A0-4D3A-8C20-347FDEEDD7F0}.Release|Any CPU.ActiveCfg = Release|Any CPU
		{88A9999A-19A0-4D3A-8C20-347FDEEDD7F0}.Release|Any CPU.Build.0 = Release|Any CPU
	EndGlobalSection
	GlobalSection(NestedProjects) = preSolution
		{641CB81B-930A-46ED-A2B0-8DA358C3B635} = {41EF9627-9F42-46AC-B5F1-04E2F2F89789}
		{5D3D27E3-E617-4EB6-ABD0-B9062CB672C0} = {41EF9627-9F42-46AC-B5F1-04E2F2F89789}
		{868FB6FB-E596-401B-97D0-B15C92A7FE94} = {41EF9627-9F42-46AC-B5F1-04E2F2F89789}
		{A4D80E67-9BD2-4AE7-90F5-8059BB7B60A6} = {41EF9627-9F42-46AC-B5F1-04E2F2F89789}
		{88A9999A-19A0-4D3A-8C20-347FDEEDD7F0} = {41EF9627-9F42-46AC-B5F1-04E2F2F89789}
	EndGlobalSection
EndGlobal
